// !$*UTF8*$!
{
	archiveVersion = 1;
	classes = {
	};
	objectVersion = 46;
	objects = {

/* Begin PBXBuildFile section */
		C385ACF91D2D9BE000A090A4 /* AppDelegate.swift in Sources */ = {isa = PBXBuildFile; fileRef = C385ACF81D2D9BE000A090A4 /* AppDelegate.swift */; };
		C385ACFB1D2D9BE000A090A4 /* ViewController.swift in Sources */ = {isa = PBXBuildFile; fileRef = C385ACFA1D2D9BE000A090A4 /* ViewController.swift */; };
		C385ACFD1D2D9BE000A090A4 /* Assets.xcassets in Resources */ = {isa = PBXBuildFile; fileRef = C385ACFC1D2D9BE000A090A4 /* Assets.xcassets */; };
		C385AD001D2D9BE000A090A4 /* Main.storyboard in Resources */ = {isa = PBXBuildFile; fileRef = C385ACFE1D2D9BE000A090A4 /* Main.storyboard */; };
		C385AD0B1D2D9BE000A090A4 /* StatsTests.swift in Sources */ = {isa = PBXBuildFile; fileRef = C385AD0A1D2D9BE000A090A4 /* StatsTests.swift */; };
		C385AD161D2D9BE000A090A4 /* StatsUITests.swift in Sources */ = {isa = PBXBuildFile; fileRef = C385AD151D2D9BE000A090A4 /* StatsUITests.swift */; };
		C385AD261D2D9E1800A090A4 /* smc.c in Sources */ = {isa = PBXBuildFile; fileRef = C385AD241D2D9E1800A090A4 /* smc.c */; };
/* End PBXBuildFile section */

/* Begin PBXContainerItemProxy section */
		C385AD071D2D9BE000A090A4 /* PBXContainerItemProxy */ = {
			isa = PBXContainerItemProxy;
			containerPortal = C385ACED1D2D9BE000A090A4 /* Project object */;
			proxyType = 1;
			remoteGlobalIDString = C385ACF41D2D9BE000A090A4;
			remoteInfo = Stats;
		};
		C385AD121D2D9BE000A090A4 /* PBXContainerItemProxy */ = {
			isa = PBXContainerItemProxy;
			containerPortal = C385ACED1D2D9BE000A090A4 /* Project object */;
			proxyType = 1;
			remoteGlobalIDString = C385ACF41D2D9BE000A090A4;
			remoteInfo = Stats;
		};
/* End PBXContainerItemProxy section */

/* Begin PBXFileReference section */
		C385ACF51D2D9BE000A090A4 /* Stats.app */ = {isa = PBXFileReference; explicitFileType = wrapper.application; includeInIndex = 0; path = Stats.app; sourceTree = BUILT_PRODUCTS_DIR; };
		C385ACF81D2D9BE000A090A4 /* AppDelegate.swift */ = {isa = PBXFileReference; lastKnownFileType = sourcecode.swift; path = AppDelegate.swift; sourceTree = "<group>"; };
		C385ACFA1D2D9BE000A090A4 /* ViewController.swift */ = {isa = PBXFileReference; lastKnownFileType = sourcecode.swift; path = ViewController.swift; sourceTree = "<group>"; };
		C385ACFC1D2D9BE000A090A4 /* Assets.xcassets */ = {isa = PBXFileReference; lastKnownFileType = folder.assetcatalog; path = Assets.xcassets; sourceTree = "<group>"; };
		C385ACFF1D2D9BE000A090A4 /* Base */ = {isa = PBXFileReference; lastKnownFileType = file.storyboard; name = Base; path = Base.lproj/Main.storyboard; sourceTree = "<group>"; };
		C385AD011D2D9BE000A090A4 /* Info.plist */ = {isa = PBXFileReference; lastKnownFileType = text.plist.xml; path = Info.plist; sourceTree = "<group>"; };
		C385AD061D2D9BE000A090A4 /* StatsTests.xctest */ = {isa = PBXFileReference; explicitFileType = wrapper.cfbundle; includeInIndex = 0; path = StatsTests.xctest; sourceTree = BUILT_PRODUCTS_DIR; };
		C385AD0A1D2D9BE000A090A4 /* StatsTests.swift */ = {isa = PBXFileReference; lastKnownFileType = sourcecode.swift; path = StatsTests.swift; sourceTree = "<group>"; };
		C385AD0C1D2D9BE000A090A4 /* Info.plist */ = {isa = PBXFileReference; lastKnownFileType = text.plist.xml; path = Info.plist; sourceTree = "<group>"; };
		C385AD111D2D9BE000A090A4 /* StatsUITests.xctest */ = {isa = PBXFileReference; explicitFileType = wrapper.cfbundle; includeInIndex = 0; path = StatsUITests.xctest; sourceTree = BUILT_PRODUCTS_DIR; };
		C385AD151D2D9BE000A090A4 /* StatsUITests.swift */ = {isa = PBXFileReference; lastKnownFileType = sourcecode.swift; path = StatsUITests.swift; sourceTree = "<group>"; };
		C385AD171D2D9BE000A090A4 /* Info.plist */ = {isa = PBXFileReference; lastKnownFileType = text.plist.xml; path = Info.plist; sourceTree = "<group>"; };
		C385AD231D2D9E1800A090A4 /* Stats-Bridging-Header.h */ = {isa = PBXFileReference; lastKnownFileType = sourcecode.c.h; path = "Stats-Bridging-Header.h"; sourceTree = "<group>"; };
		C385AD241D2D9E1800A090A4 /* smc.c */ = {isa = PBXFileReference; fileEncoding = 4; lastKnownFileType = sourcecode.c.c; path = smc.c; sourceTree = "<group>"; };
		C385AD251D2D9E1800A090A4 /* smc.h */ = {isa = PBXFileReference; fileEncoding = 4; lastKnownFileType = sourcecode.c.h; path = smc.h; sourceTree = "<group>"; };
/* End PBXFileReference section */

/* Begin PBXFrameworksBuildPhase section */
		C385ACF21D2D9BE000A090A4 /* Frameworks */ = {
			isa = PBXFrameworksBuildPhase;
			buildActionMask = 2147483647;
			files = (
			);
			runOnlyForDeploymentPostprocessing = 0;
		};
		C385AD031D2D9BE000A090A4 /* Frameworks */ = {
			isa = PBXFrameworksBuildPhase;
			buildActionMask = 2147483647;
			files = (
			);
			runOnlyForDeploymentPostprocessing = 0;
		};
		C385AD0E1D2D9BE000A090A4 /* Frameworks */ = {
			isa = PBXFrameworksBuildPhase;
			buildActionMask = 2147483647;
			files = (
			);
			runOnlyForDeploymentPostprocessing = 0;
		};
/* End PBXFrameworksBuildPhase section */

/* Begin PBXGroup section */
		C385ACEC1D2D9BE000A090A4 = {
			isa = PBXGroup;
			children = (
				C385ACF71D2D9BE000A090A4 /* Stats */,
				C385AD091D2D9BE000A090A4 /* StatsTests */,
				C385AD141D2D9BE000A090A4 /* StatsUITests */,
				C385ACF61D2D9BE000A090A4 /* Products */,
			);
			sourceTree = "<group>";
		};
		C385ACF61D2D9BE000A090A4 /* Products */ = {
			isa = PBXGroup;
			children = (
				C385ACF51D2D9BE000A090A4 /* Stats.app */,
				C385AD061D2D9BE000A090A4 /* StatsTests.xctest */,
				C385AD111D2D9BE000A090A4 /* StatsUITests.xctest */,
			);
			name = Products;
			sourceTree = "<group>";
		};
		C385ACF71D2D9BE000A090A4 /* Stats */ = {
			isa = PBXGroup;
			children = (
				C385ACF81D2D9BE000A090A4 /* AppDelegate.swift */,
				C385AD241D2D9E1800A090A4 /* smc.c */,
				C385AD251D2D9E1800A090A4 /* smc.h */,
				C385ACFA1D2D9BE000A090A4 /* ViewController.swift */,
				C385ACFC1D2D9BE000A090A4 /* Assets.xcassets */,
				C385ACFE1D2D9BE000A090A4 /* Main.storyboard */,
				C385AD011D2D9BE000A090A4 /* Info.plist */,
				C385AD231D2D9E1800A090A4 /* Stats-Bridging-Header.h */,
			);
			path = Stats;
			sourceTree = "<group>";
		};
		C385AD091D2D9BE000A090A4 /* StatsTests */ = {
			isa = PBXGroup;
			children = (
				C385AD0A1D2D9BE000A090A4 /* StatsTests.swift */,
				C385AD0C1D2D9BE000A090A4 /* Info.plist */,
			);
			path = StatsTests;
			sourceTree = "<group>";
		};
		C385AD141D2D9BE000A090A4 /* StatsUITests */ = {
			isa = PBXGroup;
			children = (
				C385AD151D2D9BE000A090A4 /* StatsUITests.swift */,
				C385AD171D2D9BE000A090A4 /* Info.plist */,
			);
			path = StatsUITests;
			sourceTree = "<group>";
		};
/* End PBXGroup section */

/* Begin PBXNativeTarget section */
		C385ACF41D2D9BE000A090A4 /* Stats */ = {
			isa = PBXNativeTarget;
			buildConfigurationList = C385AD1A1D2D9BE000A090A4 /* Build configuration list for PBXNativeTarget "Stats" */;
			buildPhases = (
				C385ACF11D2D9BE000A090A4 /* Sources */,
				C385ACF21D2D9BE000A090A4 /* Frameworks */,
				C385ACF31D2D9BE000A090A4 /* Resources */,
			);
			buildRules = (
			);
			dependencies = (
			);
			name = Stats;
			productName = Stats;
			productReference = C385ACF51D2D9BE000A090A4 /* Stats.app */;
			productType = "com.apple.product-type.application";
		};
		C385AD051D2D9BE000A090A4 /* StatsTests */ = {
			isa = PBXNativeTarget;
			buildConfigurationList = C385AD1D1D2D9BE000A090A4 /* Build configuration list for PBXNativeTarget "StatsTests" */;
			buildPhases = (
				C385AD021D2D9BE000A090A4 /* Sources */,
				C385AD031D2D9BE000A090A4 /* Frameworks */,
				C385AD041D2D9BE000A090A4 /* Resources */,
			);
			buildRules = (
			);
			dependencies = (
				C385AD081D2D9BE000A090A4 /* PBXTargetDependency */,
			);
			name = StatsTests;
			productName = StatsTests;
			productReference = C385AD061D2D9BE000A090A4 /* StatsTests.xctest */;
			productType = "com.apple.product-type.bundle.unit-test";
		};
		C385AD101D2D9BE000A090A4 /* StatsUITests */ = {
			isa = PBXNativeTarget;
			buildConfigurationList = C385AD201D2D9BE000A090A4 /* Build configuration list for PBXNativeTarget "StatsUITests" */;
			buildPhases = (
				C385AD0D1D2D9BE000A090A4 /* Sources */,
				C385AD0E1D2D9BE000A090A4 /* Frameworks */,
				C385AD0F1D2D9BE000A090A4 /* Resources */,
			);
			buildRules = (
			);
			dependencies = (
				C385AD131D2D9BE000A090A4 /* PBXTargetDependency */,
			);
			name = StatsUITests;
			productName = StatsUITests;
			productReference = C385AD111D2D9BE000A090A4 /* StatsUITests.xctest */;
			productType = "com.apple.product-type.bundle.ui-testing";
		};
/* End PBXNativeTarget section */

/* Begin PBXProject section */
		C385ACED1D2D9BE000A090A4 /* Project object */ = {
			isa = PBXProject;
			attributes = {
				LastSwiftUpdateCheck = 0730;
				LastUpgradeCheck = 0730;
				ORGANIZATIONNAME = "Tanner Hoke";
				TargetAttributes = {
					C385ACF41D2D9BE000A090A4 = {
						CreatedOnToolsVersion = 7.3.1;
					};
					C385AD051D2D9BE000A090A4 = {
						CreatedOnToolsVersion = 7.3.1;
						TestTargetID = C385ACF41D2D9BE000A090A4;
					};
					C385AD101D2D9BE000A090A4 = {
						CreatedOnToolsVersion = 7.3.1;
						TestTargetID = C385ACF41D2D9BE000A090A4;
					};
				};
			};
			buildConfigurationList = C385ACF01D2D9BE000A090A4 /* Build configuration list for PBXProject "Stats" */;
			compatibilityVersion = "Xcode 3.2";
			developmentRegion = English;
			hasScannedForEncodings = 0;
			knownRegions = (
				en,
				Base,
			);
			mainGroup = C385ACEC1D2D9BE000A090A4;
			productRefGroup = C385ACF61D2D9BE000A090A4 /* Products */;
			projectDirPath = "";
			projectRoot = "";
			targets = (
				C385ACF41D2D9BE000A090A4 /* Stats */,
				C385AD051D2D9BE000A090A4 /* StatsTests */,
				C385AD101D2D9BE000A090A4 /* StatsUITests */,
			);
		};
/* End PBXProject section */

/* Begin PBXResourcesBuildPhase section */
		C385ACF31D2D9BE000A090A4 /* Resources */ = {
			isa = PBXResourcesBuildPhase;
			buildActionMask = 2147483647;
			files = (
				C385ACFD1D2D9BE000A090A4 /* Assets.xcassets in Resources */,
				C385AD001D2D9BE000A090A4 /* Main.storyboard in Resources */,
			);
			runOnlyForDeploymentPostprocessing = 0;
		};
		C385AD041D2D9BE000A090A4 /* Resources */ = {
			isa = PBXResourcesBuildPhase;
			buildActionMask = 2147483647;
			files = (
			);
			runOnlyForDeploymentPostprocessing = 0;
		};
		C385AD0F1D2D9BE000A090A4 /* Resources */ = {
			isa = PBXResourcesBuildPhase;
			buildActionMask = 2147483647;
			files = (
			);
			runOnlyForDeploymentPostprocessing = 0;
		};
/* End PBXResourcesBuildPhase section */

/* Begin PBXSourcesBuildPhase section */
		C385ACF11D2D9BE000A090A4 /* Sources */ = {
			isa = PBXSourcesBuildPhase;
			buildActionMask = 2147483647;
			files = (
				C385AD261D2D9E1800A090A4 /* smc.c in Sources */,
				C385ACFB1D2D9BE000A090A4 /* ViewController.swift in Sources */,
				C385ACF91D2D9BE000A090A4 /* AppDelegate.swift in Sources */,
			);
			runOnlyForDeploymentPostprocessing = 0;
		};
		C385AD021D2D9BE000A090A4 /* Sources */ = {
			isa = PBXSourcesBuildPhase;
			buildActionMask = 2147483647;
			files = (
				C385AD0B1D2D9BE000A090A4 /* StatsTests.swift in Sources */,
			);
			runOnlyForDeploymentPostprocessing = 0;
		};
		C385AD0D1D2D9BE000A090A4 /* Sources */ = {
			isa = PBXSourcesBuildPhase;
			buildActionMask = 2147483647;
			files = (
				C385AD161D2D9BE000A090A4 /* StatsUITests.swift in Sources */,
			);
			runOnlyForDeploymentPostprocessing = 0;
		};
/* End PBXSourcesBuildPhase section */

/* Begin PBXTargetDependency section */
		C385AD081D2D9BE000A090A4 /* PBXTargetDependency */ = {
			isa = PBXTargetDependency;
			target = C385ACF41D2D9BE000A090A4 /* Stats */;
			targetProxy = C385AD071D2D9BE000A090A4 /* PBXContainerItemProxy */;
		};
		C385AD131D2D9BE000A090A4 /* PBXTargetDependency */ = {
			isa = PBXTargetDependency;
			target = C385ACF41D2D9BE000A090A4 /* Stats */;
			targetProxy = C385AD121D2D9BE000A090A4 /* PBXContainerItemProxy */;
		};
/* End PBXTargetDependency section */

/* Begin PBXVariantGroup section */
		C385ACFE1D2D9BE000A090A4 /* Main.storyboard */ = {
			isa = PBXVariantGroup;
			children = (
				C385ACFF1D2D9BE000A090A4 /* Base */,
			);
			name = Main.storyboard;
			sourceTree = "<group>";
		};
/* End PBXVariantGroup section */

/* Begin XCBuildConfiguration section */
		C385AD181D2D9BE000A090A4 /* Debug */ = {
			isa = XCBuildConfiguration;
			buildSettings = {
				ALWAYS_SEARCH_USER_PATHS = NO;
				CLANG_ANALYZER_NONNULL = YES;
				CLANG_CXX_LANGUAGE_STANDARD = "gnu++0x";
				CLANG_CXX_LIBRARY = "libc++";
				CLANG_ENABLE_MODULES = YES;
				CLANG_ENABLE_OBJC_ARC = YES;
				CLANG_WARN_BOOL_CONVERSION = YES;
				CLANG_WARN_CONSTANT_CONVERSION = YES;
				CLANG_WARN_DIRECT_OBJC_ISA_USAGE = YES_ERROR;
				CLANG_WARN_EMPTY_BODY = YES;
				CLANG_WARN_ENUM_CONVERSION = YES;
				CLANG_WARN_INT_CONVERSION = YES;
				CLANG_WARN_OBJC_ROOT_CLASS = YES_ERROR;
				CLANG_WARN_UNREACHABLE_CODE = YES;
				CLANG_WARN__DUPLICATE_METHOD_MATCH = YES;
				CODE_SIGN_IDENTITY = "-";
				COPY_PHASE_STRIP = NO;
				DEBUG_INFORMATION_FORMAT = dwarf;
				ENABLE_STRICT_OBJC_MSGSEND = YES;
				ENABLE_TESTABILITY = YES;
				GCC_C_LANGUAGE_STANDARD = gnu99;
				GCC_DYNAMIC_NO_PIC = NO;
				GCC_NO_COMMON_BLOCKS = YES;
				GCC_OPTIMIZATION_LEVEL = 0;
				GCC_PREPROCESSOR_DEFINITIONS = (
					"DEBUG=1",
					"$(inherited)",
				);
				GCC_WARN_64_TO_32_BIT_CONVERSION = YES;
				GCC_WARN_ABOUT_RETURN_TYPE = YES_ERROR;
				GCC_WARN_UNDECLARED_SELECTOR = YES;
				GCC_WARN_UNINITIALIZED_AUTOS = YES_AGGRESSIVE;
				GCC_WARN_UNUSED_FUNCTION = YES;
				GCC_WARN_UNUSED_VARIABLE = YES;
				MACOSX_DEPLOYMENT_TARGET = 10.11;
				MTL_ENABLE_DEBUG_INFO = YES;
				ONLY_ACTIVE_ARCH = YES;
				SDKROOT = macosx;
				SWIFT_OPTIMIZATION_LEVEL = "-Onone";
			};
			name = Debug;
		};
		C385AD191D2D9BE000A090A4 /* Release */ = {
			isa = XCBuildConfiguration;
			buildSettings = {
				ALWAYS_SEARCH_USER_PATHS = NO;
				CLANG_ANALYZER_NONNULL = YES;
				CLANG_CXX_LANGUAGE_STANDARD = "gnu++0x";
				CLANG_CXX_LIBRARY = "libc++";
				CLANG_ENABLE_MODULES = YES;
				CLANG_ENABLE_OBJC_ARC = YES;
				CLANG_WARN_BOOL_CONVERSION = YES;
				CLANG_WARN_CONSTANT_CONVERSION = YES;
				CLANG_WARN_DIRECT_OBJC_ISA_USAGE = YES_ERROR;
				CLANG_WARN_EMPTY_BODY = YES;
				CLANG_WARN_ENUM_CONVERSION = YES;
				CLANG_WARN_INT_CONVERSION = YES;
				CLANG_WARN_OBJC_ROOT_CLASS = YES_ERROR;
				CLANG_WARN_UNREACHABLE_CODE = YES;
				CLANG_WARN__DUPLICATE_METHOD_MATCH = YES;
				CODE_SIGN_IDENTITY = "-";
				COPY_PHASE_STRIP = NO;
				DEBUG_INFORMATION_FORMAT = "dwarf-with-dsym";
				ENABLE_NS_ASSERTIONS = NO;
				ENABLE_STRICT_OBJC_MSGSEND = YES;
				GCC_C_LANGUAGE_STANDARD = gnu99;
				GCC_NO_COMMON_BLOCKS = YES;
				GCC_WARN_64_TO_32_BIT_CONVERSION = YES;
				GCC_WARN_ABOUT_RETURN_TYPE = YES_ERROR;
				GCC_WARN_UNDECLARED_SELECTOR = YES;
				GCC_WARN_UNINITIALIZED_AUTOS = YES_AGGRESSIVE;
				GCC_WARN_UNUSED_FUNCTION = YES;
				GCC_WARN_UNUSED_VARIABLE = YES;
				MACOSX_DEPLOYMENT_TARGET = 10.11;
				MTL_ENABLE_DEBUG_INFO = NO;
				SDKROOT = macosx;
			};
			name = Release;
		};
		C385AD1B1D2D9BE000A090A4 /* Debug */ = {
			isa = XCBuildConfiguration;
			buildSettings = {
				ASSETCATALOG_COMPILER_APPICON_NAME = AppIcon;
				CLANG_ENABLE_MODULES = YES;
				COMBINE_HIDPI_IMAGES = YES;
				INFOPLIST_FILE = Stats/Info.plist;
				LD_RUNPATH_SEARCH_PATHS = "$(inherited) @executable_path/../Frameworks";
				PRODUCT_BUNDLE_IDENTIFIER = com.Hoke.Stats;
				PRODUCT_NAME = "$(TARGET_NAME)";
				SWIFT_OBJC_BRIDGING_HEADER = "Stats/Stats-Bridging-Header.h";
				SWIFT_OPTIMIZATION_LEVEL = "-Onone";
			};
			name = Debug;
		};
		C385AD1C1D2D9BE000A090A4 /* Release */ = {
			isa = XCBuildConfiguration;
			buildSettings = {
				ASSETCATALOG_COMPILER_APPICON_NAME = AppIcon;
				CLANG_ENABLE_MODULES = YES;
				COMBINE_HIDPI_IMAGES = YES;
				INFOPLIST_FILE = Stats/Info.plist;
				LD_RUNPATH_SEARCH_PATHS = "$(inherited) @executable_path/../Frameworks";
				PRODUCT_BUNDLE_IDENTIFIER = com.Hoke.Stats;
				PRODUCT_NAME = "$(TARGET_NAME)";
				SWIFT_OBJC_BRIDGING_HEADER = "Stats/Stats-Bridging-Header.h";
			};
			name = Release;
		};
		C385AD1E1D2D9BE000A090A4 /* Debug */ = {
			isa = XCBuildConfiguration;
			buildSettings = {
				BUNDLE_LOADER = "$(TEST_HOST)";
				COMBINE_HIDPI_IMAGES = YES;
				INFOPLIST_FILE = StatsTests/Info.plist;
				LD_RUNPATH_SEARCH_PATHS = "$(inherited) @executable_path/../Frameworks @loader_path/../Frameworks";
				PRODUCT_BUNDLE_IDENTIFIER = com.Hoke.StatsTests;
				PRODUCT_NAME = "$(TARGET_NAME)";
				TEST_HOST = "$(BUILT_PRODUCTS_DIR)/Stats.app/Contents/MacOS/Stats";
			};
			name = Debug;
		};
		C385AD1F1D2D9BE000A090A4 /* Release */ = {
			isa = XCBuildConfiguration;
			buildSettings = {
				BUNDLE_LOADER = "$(TEST_HOST)";
				COMBINE_HIDPI_IMAGES = YES;
				INFOPLIST_FILE = StatsTests/Info.plist;
				LD_RUNPATH_SEARCH_PATHS = "$(inherited) @executable_path/../Frameworks @loader_path/../Frameworks";
				PRODUCT_BUNDLE_IDENTIFIER = com.Hoke.StatsTests;
				PRODUCT_NAME = "$(TARGET_NAME)";
				TEST_HOST = "$(BUILT_PRODUCTS_DIR)/Stats.app/Contents/MacOS/Stats";
			};
			name = Release;
		};
		C385AD211D2D9BE000A090A4 /* Debug */ = {
			isa = XCBuildConfiguration;
			buildSettings = {
				COMBINE_HIDPI_IMAGES = YES;
				INFOPLIST_FILE = StatsUITests/Info.plist;
				LD_RUNPATH_SEARCH_PATHS = "$(inherited) @executable_path/../Frameworks @loader_path/../Frameworks";
				PRODUCT_BUNDLE_IDENTIFIER = com.Hoke.StatsUITests;
				PRODUCT_NAME = "$(TARGET_NAME)";
				TEST_TARGET_NAME = Stats;
			};
			name = Debug;
		};
		C385AD221D2D9BE000A090A4 /* Release */ = {
			isa = XCBuildConfiguration;
			buildSettings = {
				COMBINE_HIDPI_IMAGES = YES;
				INFOPLIST_FILE = StatsUITests/Info.plist;
				LD_RUNPATH_SEARCH_PATHS = "$(inherited) @executable_path/../Frameworks @loader_path/../Frameworks";
				PRODUCT_BUNDLE_IDENTIFIER = com.Hoke.StatsUITests;
				PRODUCT_NAME = "$(TARGET_NAME)";
				TEST_TARGET_NAME = Stats;
			};
			name = Release;
		};
/* End XCBuildConfiguration section */

/* Begin XCConfigurationList section */
		C385ACF01D2D9BE000A090A4 /* Build configuration list for PBXProject "Stats" */ = {
			isa = XCConfigurationList;
			buildConfigurations = (
				C385AD181D2D9BE000A090A4 /* Debug */,
				C385AD191D2D9BE000A090A4 /* Release */,
			);
			defaultConfigurationIsVisible = 0;
			defaultConfigurationName = Release;
		};
		C385AD1A1D2D9BE000A090A4 /* Build configuration list for PBXNativeTarget "Stats" */ = {
			isa = XCConfigurationList;
			buildConfigurations = (
				C385AD1B1D2D9BE000A090A4 /* Debug */,
				C385AD1C1D2D9BE000A090A4 /* Release */,
			);
			defaultConfigurationIsVisible = 0;
		};
		C385AD1D1D2D9BE000A090A4 /* Build configuration list for PBXNativeTarget "StatsTests" */ = {
			isa = XCConfigurationList;
			buildConfigurations = (
				C385AD1E1D2D9BE000A090A4 /* Debug */,
				C385AD1F1D2D9BE000A090A4 /* Release */,
			);
			defaultConfigurationIsVisible = 0;
		};
		C385AD201D2D9BE000A090A4 /* Build configuration list for PBXNativeTarget "StatsUITests" */ = {
			isa = XCConfigurationList;
			buildConfigurations = (
				C385AD211D2D9BE000A090A4 /* Debug */,
				C385AD221D2D9BE000A090A4 /* Release */,
			);
			defaultConfigurationIsVisible = 0;
		};
/* End XCConfigurationList section */
	};
	rootObject = C385ACED1D2D9BE000A090A4 /* Project object */;
}
